
Microsoft Visual Studio Solution File, Format Version 12.00
# Visual Studio Version 17
VisualStudioVersion = 17.12.35527.113
MinimumVisualStudioVersion = 10.0.40219.1
Project("{2150E333-8FDC-42A3-9474-1A3956D46DE8}") = "common", "common", "{AAE2D29E-3023-4810-8C13-755BBE2C10A3}"
EndProject
Project("{2150E333-8FDC-42A3-9474-1A3956D46DE8}") = "src", "src", "{8ACC6698-2738-4B49-9591-6F3062A72BFC}"
EndProject
Project("{FAE04EC0-301F-11D3-BF4B-00C04F79EFBC}") = "BlogAz.Web", "src\BlogAz.Web\BlogAz.Web.csproj", "{C02974C5-4DC9-4BBD-BBB1-F6F97AA34A50}"
EndProject
Project("{FAE04EC0-301F-11D3-BF4B-00C04F79EFBC}") = "BlogAz.Domain", "src\BlogAz.Domain\BlogAz.Domain.csproj", "{0FDFA046-7B16-4320-B341-805BE24D9540}"
EndProject
Project("{FAE04EC0-301F-11D3-BF4B-00C04F79EFBC}") = "BlogAz.Infrastructure", "src\BlogAz.Infrastructure\BlogAz.Infrastructure.csproj", "{962428F8-EAD1-44AC-A168-3F47B8FE94D5}"
EndProject
Project("{FAE04EC0-301F-11D3-BF4B-00C04F79EFBC}") = "BlogAz.Application", "src\BlogAz.Application\BlogAz.Application.csproj", "{576904F7-D290-4E54-A238-94C1CEB69CD5}"
EndProject
Project("{FAE04EC0-301F-11D3-BF4B-00C04F79EFBC}") = "BlogAz.Facade", "src\BlogAz.Facade\BlogAz.Facade.csproj", "{BD7AD83D-2C07-4FBE-907B-1D78DA449835}"
EndProject
Project("{FAE04EC0-301F-11D3-BF4B-00C04F79EFBC}") = "Common.Application", "common\Common.Application\Common.Application.csproj", "{28DA1518-54F0-4E9B-95E4-860E5D32BB89}"
EndProject
Project("{FAE04EC0-301F-11D3-BF4B-00C04F79EFBC}") = "Common.Infrastructure", "common\Common.Infrastructure\Common.Infrastructure.csproj", "{F3AD4279-FBE8-4402-9FCC-150D58DF9AD3}"
EndProject
Project("{FAE04EC0-301F-11D3-BF4B-00C04F79EFBC}") = "Common.Domain", "common\Common.Domain\Common.Domain.csproj", "{634D6217-D4E6-47B5-878B-1A9DB1111246}"
EndProject
Project("{FAE04EC0-301F-11D3-BF4B-00C04F79EFBC}") = "Common.Query", "common\Common.Query\Common.Query.csproj", "{23686979-BBBD-4046-BA86-0AF1EB6028B3}"
EndProject
Project("{FAE04EC0-301F-11D3-BF4B-00C04F79EFBC}") = "BlogAz.AdminPresentationLayer", "src\BlogAz.AdminPresentationLayer\BlogAz.AdminPresentationLayer.csproj", "{0CC69BB7-96EA-4051-BF69-65E30E7C9BDA}"
EndProject
Global
	GlobalSection(SolutionConfigurationPlatforms) = preSolution
		Debug|Any CPU = Debug|Any CPU
		Release|Any CPU = Release|Any CPU
	EndGlobalSection
	GlobalSection(ProjectConfigurationPlatforms) = postSolution
		{C02974C5-4DC9-4BBD-BBB1-F6F97AA34A50}.Debug|Any CPU.ActiveCfg = Debug|Any CPU
		{C02974C5-4DC9-4BBD-BBB1-F6F97AA34A50}.Debug|Any CPU.Build.0 = Debug|Any CPU
		{C02974C5-4DC9-4BBD-BBB1-F6F97AA34A50}.Release|Any CPU.ActiveCfg = Release|Any CPU
		{C02974C5-4DC9-4BBD-BBB1-F6F97AA34A50}.Release|Any CPU.Build.0 = Release|Any CPU
		{0FDFA046-7B16-4320-B341-805BE24D9540}.Debug|Any CPU.ActiveCfg = Debug|Any CPU
		{0FDFA046-7B16-4320-B341-805BE24D9540}.Debug|Any CPU.Build.0 = Debug|Any CPU
		{0FDFA046-7B16-4320-B341-805BE24D9540}.Release|Any CPU.ActiveCfg = Release|Any CPU
		{0FDFA046-7B16-4320-B341-805BE24D9540}.Release|Any CPU.Build.0 = Release|Any CPU
		{962428F8-EAD1-44AC-A168-3F47B8FE94D5}.Debug|Any CPU.ActiveCfg = Debug|Any CPU
		{962428F8-EAD1-44AC-A168-3F47B8FE94D5}.Debug|Any CPU.Build.0 = Debug|Any CPU
		{962428F8-EAD1-44AC-A168-3F47B8FE94D5}.Release|Any CPU.ActiveCfg = Release|Any CPU
		{962428F8-EAD1-44AC-A168-3F47B8FE94D5}.Release|Any CPU.Build.0 = Release|Any CPU
		{576904F7-D290-4E54-A238-94C1CEB69CD5}.Debug|Any CPU.ActiveCfg = Debug|Any CPU
		{576904F7-D290-4E54-A238-94C1CEB69CD5}.Debug|Any CPU.Build.0 = Debug|Any CPU
		{576904F7-D290-4E54-A238-94C1CEB69CD5}.Release|Any CPU.ActiveCfg = Release|Any CPU
		{576904F7-D290-4E54-A238-94C1CEB69CD5}.Release|Any CPU.Build.0 = Release|Any CPU
		{BD7AD83D-2C07-4FBE-907B-1D78DA449835}.Debug|Any CPU.ActiveCfg = Debug|Any CPU
		{BD7AD83D-2C07-4FBE-907B-1D78DA449835}.Debug|Any CPU.Build.0 = Debug|Any CPU
		{BD7AD83D-2C07-4FBE-907B-1D78DA449835}.Release|Any CPU.ActiveCfg = Release|Any CPU
		{BD7AD83D-2C07-4FBE-907B-1D78DA449835}.Release|Any CPU.Build.0 = Release|Any CPU
		{28DA1518-54F0-4E9B-95E4-860E5D32BB89}.Debug|Any CPU.ActiveCfg = Debug|Any CPU
		{28DA1518-54F0-4E9B-95E4-860E5D32BB89}.Debug|Any CPU.Build.0 = Debug|Any CPU
		{28DA1518-54F0-4E9B-95E4-860E5D32BB89}.Release|Any CPU.ActiveCfg = Release|Any CPU
		{28DA1518-54F0-4E9B-95E4-860E5D32BB89}.Release|Any CPU.Build.0 = Release|Any CPU
		{F3AD4279-FBE8-4402-9FCC-150D58DF9AD3}.Debug|Any CPU.ActiveCfg = Debug|Any CPU
		{F3AD4279-FBE8-4402-9FCC-150D58DF9AD3}.Debug|Any CPU.Build.0 = Debug|Any CPU
		{F3AD4279-FBE8-4402-9FCC-150D58DF9AD3}.Release|Any CPU.ActiveCfg = Release|Any CPU
		{F3AD4279-FBE8-4402-9FCC-150D58DF9AD3}.Release|Any CPU.Build.0 = Release|Any CPU
		{634D6217-D4E6-47B5-878B-1A9DB1111246}.Debug|Any CPU.ActiveCfg = Debug|Any CPU
		{634D6217-D4E6-47B5-878B-1A9DB1111246}.Debug|Any CPU.Build.0 = Debug|Any CPU
		{634D6217-D4E6-47B5-878B-1A9DB1111246}.Release|Any CPU.ActiveCfg = Release|Any CPU
		{634D6217-D4E6-47B5-878B-1A9DB1111246}.Release|Any CPU.Build.0 = Release|Any CPU
		{23686979-BBBD-4046-BA86-0AF1EB6028B3}.Debug|Any CPU.ActiveCfg = Debug|Any CPU
		{23686979-BBBD-4046-BA86-0AF1EB6028B3}.Debug|Any CPU.Build.0 = Debug|Any CPU
		{23686979-BBBD-4046-BA86-0AF1EB6028B3}.Release|Any CPU.ActiveCfg = Release|Any CPU
		{23686979-BBBD-4046-BA86-0AF1EB6028B3}.Release|Any CPU.Build.0 = Release|Any CPU
		{0CC69BB7-96EA-4051-BF69-65E30E7C9BDA}.Debug|Any CPU.ActiveCfg = Debug|Any CPU
		{0CC69BB7-96EA-4051-BF69-65E30E7C9BDA}.Debug|Any CPU.Build.0 = Debug|Any CPU
		{0CC69BB7-96EA-4051-BF69-65E30E7C9BDA}.Release|Any CPU.ActiveCfg = Release|Any CPU
		{0CC69BB7-96EA-4051-BF69-65E30E7C9BDA}.Release|Any CPU.Build.0 = Release|Any CPU
	EndGlobalSection
	GlobalSection(SolutionProperties) = preSolution
		HideSolutionNode = FALSE
	EndGlobalSection
	GlobalSection(NestedProjects) = preSolution
		{C02974C5-4DC9-4BBD-BBB1-F6F97AA34A50} = {8ACC6698-2738-4B49-9591-6F3062A72BFC}
		{0FDFA046-7B16-4320-B341-805BE24D9540} = {8ACC6698-2738-4B49-9591-6F3062A72BFC}
		{962428F8-EAD1-44AC-A168-3F47B8FE94D5} = {8ACC6698-2738-4B49-9591-6F3062A72BFC}
		{576904F7-D290-4E54-A238-94C1CEB69CD5} = {8ACC6698-2738-4B49-9591-6F3062A72BFC}
		{BD7AD83D-2C07-4FBE-907B-1D78DA449835} = {8ACC6698-2738-4B49-9591-6F3062A72BFC}
		{28DA1518-54F0-4E9B-95E4-860E5D32BB89} = {AAE2D29E-3023-4810-8C13-755BBE2C10A3}
		{F3AD4279-FBE8-4402-9FCC-150D58DF9AD3} = {AAE2D29E-3023-4810-8C13-755BBE2C10A3}
		{634D6217-D4E6-47B5-878B-1A9DB1111246} = {AAE2D29E-3023-4810-8C13-755BBE2C10A3}
		{23686979-BBBD-4046-BA86-0AF1EB6028B3} = {AAE2D29E-3023-4810-8C13-755BBE2C10A3}
		{0CC69BB7-96EA-4051-BF69-65E30E7C9BDA} = {8ACC6698-2738-4B49-9591-6F3062A72BFC}
	EndGlobalSection
EndGlobal
